PODS:
  - AFNetworking (3.1.0):
    - AFNetworking/NSURLSession (= 3.1.0)
    - AFNetworking/Reachability (= 3.1.0)
    - AFNetworking/Security (= 3.1.0)
    - AFNetworking/Serialization (= 3.1.0)
    - AFNetworking/UIKit (= 3.1.0)
  - AFNetworking/NSURLSession (3.1.0):
    - AFNetworking/Reachability
    - AFNetworking/Security
    - AFNetworking/Serialization
  - AFNetworking/Reachability (3.1.0)
  - AFNetworking/Security (3.1.0)
  - AFNetworking/Serialization (3.1.0)
  - AFNetworking/UIKit (3.1.0):
    - AFNetworking/NSURLSession
  - AMap2DMap (4.6.0):
    - AMapFoundation (~> 1.3)
  - AMapFoundation (1.4.0)
  - AMapLocation (2.3.1):
    - AMapFoundation (~> 1.3)
  - DKImagePickerController (3.5.2):
    - DKImagePickerController/Camera (= 3.5.2)
    - DKImagePickerController/ImageManager (= 3.5.2)
  - DKImagePickerController/Camera (3.5.2)
  - DKImagePickerController/ImageManager (3.5.2)
  - HappyDNS (0.3.10)
  - HCSStarRatingView (1.4.5)
  - IQKeyboardManager (4.0.9)
  - KLCPopup (1.0)
  - Masonry (1.0.2)
  - MBProgressHUD (1.0.0)
  - MJRefresh (3.1.12)
  - MyLayout (1.3.5)
  - Qiniu (7.1.5):
    - AFNetworking (~> 3)
    - HappyDNS (~> 0.3)
  - THProgressView (1.0)
  - UMengAnalytics (4.2.4)
  - UMengUShare/Core (6.4.3):
    - UMengUShare/Network
  - UMengUShare/Network (6.4.3)
  - UMengUShare/Social (6.4.3):
    - UMengUShare/Core
    - UMengUShare/Social/AlipayShare (= 6.4.3)
    - UMengUShare/Social/DingDing (= 6.4.3)
    - UMengUShare/Social/Douban (= 6.4.3)
    - UMengUShare/Social/DropBox (= 6.4.3)
    - UMengUShare/Social/Email (= 6.4.3)
    - UMengUShare/Social/EverNote (= 6.4.3)
    - UMengUShare/Social/Facebook (= 6.4.3)
    - UMengUShare/Social/FaceBookMessenger (= 6.4.3)
    - UMengUShare/Social/Flickr (= 6.4.3)
    - UMengUShare/Social/GooglePlus (= 6.4.3)
    - UMengUShare/Social/Instagram (= 6.4.3)
    - UMengUShare/Social/Kakao (= 6.4.3)
    - UMengUShare/Social/LaiWang (= 6.4.3)
    - UMengUShare/Social/Line (= 6.4.3)
    - UMengUShare/Social/Linkedin (= 6.4.3)
    - UMengUShare/Social/Pinterest (= 6.4.3)
    - UMengUShare/Social/Pocket (= 6.4.3)
    - UMengUShare/Social/QQ (= 6.4.3)
    - UMengUShare/Social/ReducedQQ (= 6.4.3)
    - UMengUShare/Social/ReducedSina (= 6.4.3)
    - UMengUShare/Social/ReducedWeChat (= 6.4.3)
    - UMengUShare/Social/Renren (= 6.4.3)
    - UMengUShare/Social/Sina (= 6.4.3)
    - UMengUShare/Social/SMS (= 6.4.3)
    - UMengUShare/Social/TencentWeibo (= 6.4.3)
    - UMengUShare/Social/Tumblr (= 6.4.3)
    - UMengUShare/Social/Twitter (= 6.4.3)
    - UMengUShare/Social/VKontakte (= 6.4.3)
    - UMengUShare/Social/WeChat (= 6.4.3)
    - UMengUShare/Social/WhatsApp (= 6.4.3)
    - UMengUShare/Social/YiXin (= 6.4.3)
    - UMengUShare/Social/YouDao (= 6.4.3)
  - UMengUShare/Social/AlipayShare (6.4.3):
    - UMengUShare/Core
  - UMengUShare/Social/DingDing (6.4.3):
    - UMengUShare/Core
  - UMengUShare/Social/Douban (6.4.3):
    - UMengUShare/Core
  - UMengUShare/Social/DropBox (6.4.3):
    - UMengUShare/Core
  - UMengUShare/Social/Email (6.4.3):
    - UMengUShare/Core
  - UMengUShare/Social/EverNote (6.4.3):
    - UMengUShare/Core
  - UMengUShare/Social/Facebook (6.4.3):
    - UMengUShare/Core
  - UMengUShare/Social/FaceBookMessenger (6.4.3):
    - UMengUShare/Core
  - UMengUShare/Social/Flickr (6.4.3):
    - UMengUShare/Core
  - UMengUShare/Social/GooglePlus (6.4.3):
    - UMengUShare/Core
  - UMengUShare/Social/Instagram (6.4.3):
    - UMengUShare/Core
  - UMengUShare/Social/Kakao (6.4.3):
    - UMengUShare/Core
  - UMengUShare/Social/LaiWang (6.4.3):
    - UMengUShare/Core
  - UMengUShare/Social/Line (6.4.3):
    - UMengUShare/Core
  - UMengUShare/Social/Linkedin (6.4.3):
    - UMengUShare/Core
  - UMengUShare/Social/Pinterest (6.4.3):
    - UMengUShare/Core
  - UMengUShare/Social/Pocket (6.4.3):
    - UMengUShare/Core
  - UMengUShare/Social/QQ (6.4.3):
    - UMengUShare/Core
    - UMengUShare/Social/ReducedQQ
  - UMengUShare/Social/ReducedQQ (6.4.3):
    - UMengUShare/Core
  - UMengUShare/Social/ReducedSina (6.4.3):
    - UMengUShare/Core
  - UMengUShare/Social/ReducedWeChat (6.4.3):
    - UMengUShare/Core
  - UMengUShare/Social/Renren (6.4.3):
    - UMengUShare/Core
  - UMengUShare/Social/Sina (6.4.3):
    - UMengUShare/Core
    - UMengUShare/Social/ReducedSina
  - UMengUShare/Social/SMS (6.4.3):
    - UMengUShare/Core
  - UMengUShare/Social/TencentWeibo (6.4.3):
    - UMengUShare/Core
  - UMengUShare/Social/Tumblr (6.4.3):
    - UMengUShare/Core
  - UMengUShare/Social/Twitter (6.4.3):
    - UMengUShare/Core
  - UMengUShare/Social/VKontakte (6.4.3):
    - UMengUShare/Core
  - UMengUShare/Social/WeChat (6.4.3):
    - UMengUShare/Core
    - UMengUShare/Social/ReducedWeChat
  - UMengUShare/Social/WhatsApp (6.4.3):
    - UMengUShare/Core
  - UMengUShare/Social/YiXin (6.4.3):
    - UMengUShare/Core
  - UMengUShare/Social/YouDao (6.4.3):
    - UMengUShare/Core
  - YYModel (1.0.4)

DEPENDENCIES:
  - AFNetworking (~> 3.0)
  - AMap2DMap
  - AMapLocation
  - DKImagePickerController (from `https://github.com/zhangao0086/DKImagePickerController.git`, branch `master`)
  - HCSStarRatingView (~> 1.4.5)
  - IQKeyboardManager
  - KLCPopup
  - Masonry
  - MBProgressHUD (~> 1.0.0)
  - MJRefresh
  - MyLayout
  - Qiniu (~> 7.1)
  - THProgressView (~> 1.0)
  - UMengAnalytics
  - UMengUShare/Social
  - YYModel (~> 1.0.4)

EXTERNAL SOURCES:
  DKImagePickerController:
    :branch: master
    :git: https://github.com/zhangao0086/DKImagePickerController.git

CHECKOUT OPTIONS:
  DKImagePickerController:
    :commit: be527f55543a9aeead4239a51ce5817d45b440a0
    :git: https://github.com/zhangao0086/DKImagePickerController.git

SPEC CHECKSUMS:
  AFNetworking: 5e0e199f73d8626b11e79750991f5d173d1f8b67
  AMap2DMap: 003fa70526983a1469ae6fc3323a6ee8b5ccf53c
  AMapFoundation: 458974f46a39df8407fd818ab83d2630d494c726
  AMapLocation: 6016f0e09c127461c9c8e36945f34c0f037ad962
  DKImagePickerController: 5aecb55906ea82e58f375741932adff570e3a726
  HappyDNS: 06a9fed2796663fd87626dbf02552933265bf059
  HCSStarRatingView: bff3f89314d3b5013ce826ea11897d3129ff6b8c
  IQKeyboardManager: 322c7405df3eb5f7e50dede32ea937bf3d4364e0
  KLCPopup: 76c5a19227977f1e53d85236f9ef42257c168d98
  Masonry: 7c429b56da9d4ee0bbb3ed77a5ea710d6a5df39e
  MBProgressHUD: 4890f671c94e8a0f3cf959aa731e9de2f036d71a
  MJRefresh: b96cdb21c4aa75a7b07654311ab2f315c497e806
  MyLayout: ce7576c6418ba8a5dbf36acc101b1cc4119df57a
  Qiniu: 77a3dba411556a383d72d17e842345a9d4c83252
  THProgressView: 999dc78f748f4cb6d69408f545de4d82ef7f1cec
  UMengAnalytics: ef8d45f94c0e5771dc364cf6a5731d9d3b101da2
  UMengUShare: d39cb682598df87ebdd3c055d03d00eb0102d42c
  YYModel: 2a7fdd96aaa4b86a824e26d0c517de8928c04b30

PODFILE CHECKSUM: 9ee4855ee80ce1fd992550ba927d442b63fdf3da

COCOAPODS: 1.2.1
